
Microsoft Visual Studio Solution File, Format Version 12.00
# Visual Studio Version 16
VisualStudioVersion = 16.0.32002.261
MinimumVisualStudioVersion = 10.0.40219.1
Project("{FAE04EC0-301F-11D3-BF4B-00C04F79EFBC}") = "DjurDagis", "DjurDagis\DjurDagis.csproj", "{FC61054A-D691-44ED-99E1-92CBC35EEAC3}"
EndProject
Global
	GlobalSection(SolutionConfigurationPlatforms) = preSolution
		Debug|Any CPU = Debug|Any CPU
		Release|Any CPU = Release|Any CPU
	EndGlobalSection
	GlobalSection(ProjectConfigurationPlatforms) = postSolution
		{FC61054A-D691-44ED-99E1-92CBC35EEAC3}.Debug|Any CPU.ActiveCfg = Debug|Any CPU
		{FC61054A-D691-44ED-99E1-92CBC35EEAC3}.Debug|Any CPU.Build.0 = Debug|Any CPU
		{FC61054A-D691-44ED-99E1-92CBC35EEAC3}.Release|Any CPU.ActiveCfg = Release|Any CPU
		{FC61054A-D691-44ED-99E1-92CBC35EEAC3}.Release|Any CPU.Build.0 = Release|Any CPU
	EndGlobalSection
	GlobalSection(SolutionProperties) = preSolution
		HideSolutionNode = FALSE
	EndGlobalSection
	GlobalSection(ExtensibilityGlobals) = postSolution
		SolutionGuid = {10292F2F-862B-4116-8535-B5386488965F}
	EndGlobalSection
EndGlobal
